// !$*UTF8*$!
{
	archiveVersion = 1;
	classes = {
	};
	objectVersion = 56;
	objects = {

/* Begin PBXBuildFile section */
		DBDB5AF62B706011001B6392 /* CertificateInstallerApp.swift in Sources */ = {isa = PBXBuildFile; fileRef = DBDB5AF52B706011001B6392 /* CertificateInstallerApp.swift */; };
		DBDB5AF82B706011001B6392 /* CertificateInstallView.swift in Sources */ = {isa = PBXBuildFile; fileRef = DBDB5AF72B706011001B6392 /* CertificateInstallView.swift */; };
		DBDB5AFA2B706012001B6392 /* Assets.xcassets in Resources */ = {isa = PBXBuildFile; fileRef = DBDB5AF92B706012001B6392 /* Assets.xcassets */; };
		DBDB5AFD2B706012001B6392 /* Preview Assets.xcassets in Resources */ = {isa = PBXBuildFile; fileRef = DBDB5AFC2B706012001B6392 /* Preview Assets.xcassets */; };
		DBDB5B052B7060DA001B6392 /* CertManager.swift in Sources */ = {isa = PBXBuildFile; fileRef = DBDB5B042B7060DA001B6392 /* CertManager.swift */; };
		DBDB5B0C2B70A28A001B6392 /* Certificate.swift in Sources */ = {isa = PBXBuildFile; fileRef = DBDB5B0B2B70A28A001B6392 /* Certificate.swift */; };
		DBDB5B0F2B70A3DD001B6392 /* InstallCertError.swift in Sources */ = {isa = PBXBuildFile; fileRef = DBDB5B0E2B70A3DD001B6392 /* InstallCertError.swift */; };
		DBDB5B112B70A3F1001B6392 /* CertError.swift in Sources */ = {isa = PBXBuildFile; fileRef = DBDB5B102B70A3F1001B6392 /* CertError.swift */; };
		DBDB5B152B70AFA1001B6392 /* FileList.swift in Sources */ = {isa = PBXBuildFile; fileRef = DBDB5B142B70AFA1001B6392 /* FileList.swift */; };
		DBDB5B192B73BAD5001B6392 /* DragAndDropView.swift in Sources */ = {isa = PBXBuildFile; fileRef = DBDB5B182B73BAD5001B6392 /* DragAndDropView.swift */; };
/* End PBXBuildFile section */

/* Begin PBXFileReference section */
		DBDB5AF22B706011001B6392 /* CertificateInstaller.app */ = {isa = PBXFileReference; explicitFileType = wrapper.application; includeInIndex = 0; path = CertificateInstaller.app; sourceTree = BUILT_PRODUCTS_DIR; };
		DBDB5AF52B706011001B6392 /* CertificateInstallerApp.swift */ = {isa = PBXFileReference; lastKnownFileType = sourcecode.swift; path = CertificateInstallerApp.swift; sourceTree = "<group>"; };
		DBDB5AF72B706011001B6392 /* CertificateInstallView.swift */ = {isa = PBXFileReference; lastKnownFileType = sourcecode.swift; path = CertificateInstallView.swift; sourceTree = "<group>"; };
		DBDB5AF92B706012001B6392 /* Assets.xcassets */ = {isa = PBXFileReference; lastKnownFileType = folder.assetcatalog; path = Assets.xcassets; sourceTree = "<group>"; };
		DBDB5AFC2B706012001B6392 /* Preview Assets.xcassets */ = {isa = PBXFileReference; lastKnownFileType = folder.assetcatalog; path = "Preview Assets.xcassets"; sourceTree = "<group>"; };
		DBDB5AFE2B706012001B6392 /* CertificateInstaller.entitlements */ = {isa = PBXFileReference; lastKnownFileType = text.plist.entitlements; path = CertificateInstaller.entitlements; sourceTree = "<group>"; };
		DBDB5B042B7060DA001B6392 /* CertManager.swift */ = {isa = PBXFileReference; lastKnownFileType = sourcecode.swift; path = CertManager.swift; sourceTree = "<group>"; };
		DBDB5B0B2B70A28A001B6392 /* Certificate.swift */ = {isa = PBXFileReference; lastKnownFileType = sourcecode.swift; path = Certificate.swift; sourceTree = "<group>"; };
		DBDB5B0E2B70A3DD001B6392 /* InstallCertError.swift */ = {isa = PBXFileReference; lastKnownFileType = sourcecode.swift; path = InstallCertError.swift; sourceTree = "<group>"; };
		DBDB5B102B70A3F1001B6392 /* CertError.swift */ = {isa = PBXFileReference; lastKnownFileType = sourcecode.swift; path = CertError.swift; sourceTree = "<group>"; };
		DBDB5B142B70AFA1001B6392 /* FileList.swift */ = {isa = PBXFileReference; lastKnownFileType = sourcecode.swift; path = FileList.swift; sourceTree = "<group>"; };
		DBDB5B182B73BAD5001B6392 /* DragAndDropView.swift */ = {isa = PBXFileReference; lastKnownFileType = sourcecode.swift; path = DragAndDropView.swift; sourceTree = "<group>"; };
/* End PBXFileReference section */

/* Begin PBXFrameworksBuildPhase section */
		DBDB5AEF2B706011001B6392 /* Frameworks */ = {
			isa = PBXFrameworksBuildPhase;
			buildActionMask = 2147483647;
			files = (
			);
			runOnlyForDeploymentPostprocessing = 0;
		};
/* End PBXFrameworksBuildPhase section */

/* Begin PBXGroup section */
		DBDB5AE92B706011001B6392 = {
			isa = PBXGroup;
			children = (
				DBDB5AF42B706011001B6392 /* CertificateInstaller */,
				DBDB5AF32B706011001B6392 /* Products */,
			);
			sourceTree = "<group>";
		};
		DBDB5AF32B706011001B6392 /* Products */ = {
			isa = PBXGroup;
			children = (
				DBDB5AF22B706011001B6392 /* CertificateInstaller.app */,
			);
			name = Products;
			sourceTree = "<group>";
		};
		DBDB5AF42B706011001B6392 /* CertificateInstaller */ = {
			isa = PBXGroup;
			children = (
				DBDB5AF52B706011001B6392 /* CertificateInstallerApp.swift */,
				DBDB5B132B70AC32001B6392 /* View */,
				DBDB5B122B70AC24001B6392 /* Utilities */,
				DBDB5B0D2B70A3D2001B6392 /* Error */,
				DBDB5AF92B706012001B6392 /* Assets.xcassets */,
				DBDB5AFE2B706012001B6392 /* CertificateInstaller.entitlements */,
				DBDB5AFB2B706012001B6392 /* Preview Content */,
			);
			path = CertificateInstaller;
			sourceTree = "<group>";
		};
		DBDB5AFB2B706012001B6392 /* Preview Content */ = {
			isa = PBXGroup;
			children = (
				DBDB5AFC2B706012001B6392 /* Preview Assets.xcassets */,
			);
			path = "Preview Content";
			sourceTree = "<group>";
		};
		DBDB5B0D2B70A3D2001B6392 /* Error */ = {
			isa = PBXGroup;
			children = (
				DBDB5B0E2B70A3DD001B6392 /* InstallCertError.swift */,
				DBDB5B102B70A3F1001B6392 /* CertError.swift */,
			);
			path = Error;
			sourceTree = "<group>";
		};
		DBDB5B122B70AC24001B6392 /* Utilities */ = {
			isa = PBXGroup;
			children = (
				DBDB5B042B7060DA001B6392 /* CertManager.swift */,
				DBDB5B0B2B70A28A001B6392 /* Certificate.swift */,
				DBDB5B142B70AFA1001B6392 /* FileList.swift */,
			);
			path = Utilities;
			sourceTree = "<group>";
		};
		DBDB5B132B70AC32001B6392 /* View */ = {
			isa = PBXGroup;
			children = (
				DBDB5AF72B706011001B6392 /* CertificateInstallView.swift */,
				DBDB5B182B73BAD5001B6392 /* DragAndDropView.swift */,
			);
			path = View;
			sourceTree = "<group>";
		};
/* End PBXGroup section */

/* Begin PBXNativeTarget section */
		DBDB5AF12B706011001B6392 /* CertificateInstaller */ = {
			isa = PBXNativeTarget;
			buildConfigurationList = DBDB5B012B706012001B6392 /* Build configuration list for PBXNativeTarget "CertificateInstaller" */;
			buildPhases = (
				DBDB5AEE2B706011001B6392 /* Sources */,
				DBDB5AEF2B706011001B6392 /* Frameworks */,
				DBDB5AF02B706011001B6392 /* Resources */,
			);
			buildRules = (
			);
			dependencies = (
			);
			name = CertificateInstaller;
			packageProductDependencies = (
			);
			productName = CertificateInstaller;
			productReference = DBDB5AF22B706011001B6392 /* CertificateInstaller.app */;
			productType = "com.apple.product-type.application";
		};
/* End PBXNativeTarget section */

/* Begin PBXProject section */
		DBDB5AEA2B706011001B6392 /* Project object */ = {
			isa = PBXProject;
			attributes = {
				BuildIndependentTargetsInParallel = 1;
				LastSwiftUpdateCheck = 1500;
				LastUpgradeCheck = 1500;
				TargetAttributes = {
					DBDB5AF12B706011001B6392 = {
						CreatedOnToolsVersion = 15.0.1;
					};
				};
			};
			buildConfigurationList = DBDB5AED2B706011001B6392 /* Build configuration list for PBXProject "CertificateInstaller" */;
			compatibilityVersion = "Xcode 14.0";
			developmentRegion = en;
			hasScannedForEncodings = 0;
			knownRegions = (
				en,
				Base,
			);
			mainGroup = DBDB5AE92B706011001B6392;
			packageReferences = (
			);
			productRefGroup = DBDB5AF32B706011001B6392 /* Products */;
			projectDirPath = "";
			projectRoot = "";
			targets = (
				DBDB5AF12B706011001B6392 /* CertificateInstaller */,
			);
		};
/* End PBXProject section */

/* Begin PBXResourcesBuildPhase section */
		DBDB5AF02B706011001B6392 /* Resources */ = {
			isa = PBXResourcesBuildPhase;
			buildActionMask = 2147483647;
			files = (
				DBDB5AFD2B706012001B6392 /* Preview Assets.xcassets in Resources */,
				DBDB5AFA2B706012001B6392 /* Assets.xcassets in Resources */,
			);
			runOnlyForDeploymentPostprocessing = 0;
		};
/* End PBXResourcesBuildPhase section */

/* Begin PBXSourcesBuildPhase section */
		DBDB5AEE2B706011001B6392 /* Sources */ = {
			isa = PBXSourcesBuildPhase;
			buildActionMask = 2147483647;
			files = (
				DBDB5B0F2B70A3DD001B6392 /* InstallCertError.swift in Sources */,
				DBDB5B192B73BAD5001B6392 /* DragAndDropView.swift in Sources */,
				DBDB5B0C2B70A28A001B6392 /* Certificate.swift in Sources */,
				DBDB5AF82B706011001B6392 /* CertificateInstallView.swift in Sources */,
				DBDB5B152B70AFA1001B6392 /* FileList.swift in Sources */,
				DBDB5B112B70A3F1001B6392 /* CertError.swift in Sources */,
				DBDB5AF62B706011001B6392 /* CertificateInstallerApp.swift in Sources */,
				DBDB5B052B7060DA001B6392 /* CertManager.swift in Sources */,
			);
			runOnlyForDeploymentPostprocessing = 0;
		};
/* End PBXSourcesBuildPhase section */

/* Begin XCBuildConfiguration section */
		DBDB5AFF2B706012001B6392 /* Debug */ = {
			isa = XCBuildConfiguration;
			buildSettings = {
				ALWAYS_SEARCH_USER_PATHS = NO;
				ASSETCATALOG_COMPILER_GENERATE_SWIFT_ASSET_SYMBOL_EXTENSIONS = YES;
				CLANG_ANALYZER_NONNULL = YES;
				CLANG_ANALYZER_NUMBER_OBJECT_CONVERSION = YES_AGGRESSIVE;
				CLANG_CXX_LANGUAGE_STANDARD = "gnu++20";
				CLANG_ENABLE_MODULES = YES;
				CLANG_ENABLE_OBJC_ARC = YES;
				CLANG_ENABLE_OBJC_WEAK = YES;
				CLANG_WARN_BLOCK_CAPTURE_AUTORELEASING = YES;
				CLANG_WARN_BOOL_CONVERSION = YES;
				CLANG_WARN_COMMA = YES;
				CLANG_WARN_CONSTANT_CONVERSION = YES;
				CLANG_WARN_DEPRECATED_OBJC_IMPLEMENTATIONS = YES;
				CLANG_WARN_DIRECT_OBJC_ISA_USAGE = YES_ERROR;
				CLANG_WARN_DOCUMENTATION_COMMENTS = YES;
				CLANG_WARN_EMPTY_BODY = YES;
				CLANG_WARN_ENUM_CONVERSION = YES;
				CLANG_WARN_INFINITE_RECURSION = YES;
				CLANG_WARN_INT_CONVERSION = YES;
				CLANG_WARN_NON_LITERAL_NULL_CONVERSION = YES;
				CLANG_WARN_OBJC_IMPLICIT_RETAIN_SELF = YES;
				CLANG_WARN_OBJC_LITERAL_CONVERSION = YES;
				CLANG_WARN_OBJC_ROOT_CLASS = YES_ERROR;
				CLANG_WARN_QUOTED_INCLUDE_IN_FRAMEWORK_HEADER = YES;
				CLANG_WARN_RANGE_LOOP_ANALYSIS = YES;
				CLANG_WARN_STRICT_PROTOTYPES = YES;
				CLANG_WARN_SUSPICIOUS_MOVE = YES;
				CLANG_WARN_UNGUARDED_AVAILABILITY = YES_AGGRESSIVE;
				CLANG_WARN_UNREACHABLE_CODE = YES;
				CLANG_WARN__DUPLICATE_METHOD_MATCH = YES;
				COPY_PHASE_STRIP = NO;
				DEBUG_INFORMATION_FORMAT = dwarf;
				ENABLE_STRICT_OBJC_MSGSEND = YES;
				ENABLE_TESTABILITY = YES;
				ENABLE_USER_SCRIPT_SANDBOXING = YES;
				GCC_C_LANGUAGE_STANDARD = gnu17;
				GCC_DYNAMIC_NO_PIC = NO;
				GCC_NO_COMMON_BLOCKS = YES;
				GCC_OPTIMIZATION_LEVEL = 0;
				GCC_PREPROCESSOR_DEFINITIONS = (
					"DEBUG=1",
					"$(inherited)",
				);
				GCC_WARN_64_TO_32_BIT_CONVERSION = YES;
				GCC_WARN_ABOUT_RETURN_TYPE = YES_ERROR;
				GCC_WARN_UNDECLARED_SELECTOR = YES;
				GCC_WARN_UNINITIALIZED_AUTOS = YES_AGGRESSIVE;
				GCC_WARN_UNUSED_FUNCTION = YES;
				GCC_WARN_UNUSED_VARIABLE = YES;
				LOCALIZATION_PREFERS_STRING_CATALOGS = YES;
				MACOSX_DEPLOYMENT_TARGET = 12.0;
				MTL_ENABLE_DEBUG_INFO = INCLUDE_SOURCE;
				MTL_FAST_MATH = YES;
				ONLY_ACTIVE_ARCH = YES;
				SDKROOT = macosx;
				SWIFT_ACTIVE_COMPILATION_CONDITIONS = "DEBUG $(inherited)";
				SWIFT_OPTIMIZATION_LEVEL = "-Onone";
			};
			name = Debug;
		};
		DBDB5B002B706012001B6392 /* Release */ = {
			isa = XCBuildConfiguration;
			buildSettings = {
				ALWAYS_SEARCH_USER_PATHS = NO;
				ASSETCATALOG_COMPILER_GENERATE_SWIFT_ASSET_SYMBOL_EXTENSIONS = YES;
				CLANG_ANALYZER_NONNULL = YES;
				CLANG_ANALYZER_NUMBER_OBJECT_CONVERSION = YES_AGGRESSIVE;
				CLANG_CXX_LANGUAGE_STANDARD = "gnu++20";
				CLANG_ENABLE_MODULES = YES;
				CLANG_ENABLE_OBJC_ARC = YES;
				CLANG_ENABLE_OBJC_WEAK = YES;
				CLANG_WARN_BLOCK_CAPTURE_AUTORELEASING = YES;
				CLANG_WARN_BOOL_CONVERSION = YES;
				CLANG_WARN_COMMA = YES;
				CLANG_WARN_CONSTANT_CONVERSION = YES;
				CLANG_WARN_DEPRECATED_OBJC_IMPLEMENTATIONS = YES;
				CLANG_WARN_DIRECT_OBJC_ISA_USAGE = YES_ERROR;
				CLANG_WARN_DOCUMENTATION_COMMENTS = YES;
				CLANG_WARN_EMPTY_BODY = YES;
				CLANG_WARN_ENUM_CONVERSION = YES;
				CLANG_WARN_INFINITE_RECURSION = YES;
				CLANG_WARN_INT_CONVERSION = YES;
				CLANG_WARN_NON_LITERAL_NULL_CONVERSION = YES;
				CLANG_WARN_OBJC_IMPLICIT_RETAIN_SELF = YES;
				CLANG_WARN_OBJC_LITERAL_CONVERSION = YES;
				CLANG_WARN_OBJC_ROOT_CLASS = YES_ERROR;
				CLANG_WARN_QUOTED_INCLUDE_IN_FRAMEWORK_HEADER = YES;
				CLANG_WARN_RANGE_LOOP_ANALYSIS = YES;
				CLANG_WARN_STRICT_PROTOTYPES = YES;
				CLANG_WARN_SUSPICIOUS_MOVE = YES;
				CLANG_WARN_UNGUARDED_AVAILABILITY = YES_AGGRESSIVE;
				CLANG_WARN_UNREACHABLE_CODE = YES;
				CLANG_WARN__DUPLICATE_METHOD_MATCH = YES;
				COPY_PHASE_STRIP = NO;
				DEBUG_INFORMATION_FORMAT = "dwarf-with-dsym";
				ENABLE_NS_ASSERTIONS = NO;
				ENABLE_STRICT_OBJC_MSGSEND = YES;
				ENABLE_USER_SCRIPT_SANDBOXING = YES;
				GCC_C_LANGUAGE_STANDARD = gnu17;
				GCC_NO_COMMON_BLOCKS = YES;
				GCC_WARN_64_TO_32_BIT_CONVERSION = YES;
				GCC_WARN_ABOUT_RETURN_TYPE = YES_ERROR;
				GCC_WARN_UNDECLARED_SELECTOR = YES;
				GCC_WARN_UNINITIALIZED_AUTOS = YES_AGGRESSIVE;
				GCC_WARN_UNUSED_FUNCTION = YES;
				GCC_WARN_UNUSED_VARIABLE = YES;
				LOCALIZATION_PREFERS_STRING_CATALOGS = YES;
				MACOSX_DEPLOYMENT_TARGET = 12.0;
				MTL_ENABLE_DEBUG_INFO = NO;
				MTL_FAST_MATH = YES;
				SDKROOT = macosx;
				SWIFT_COMPILATION_MODE = wholemodule;
			};
			name = Release;
		};
		DBDB5B022B706012001B6392 /* Debug */ = {
			isa = XCBuildConfiguration;
			buildSettings = {
				ASSETCATALOG_COMPILER_APPICON_NAME = AppIcon;
				ASSETCATALOG_COMPILER_GLOBAL_ACCENT_COLOR_NAME = AccentColor;
				CODE_SIGN_ENTITLEMENTS = CertificateInstaller/CertificateInstaller.entitlements;
				"CODE_SIGN_IDENTITY[sdk=macosx*]" = "Developer ID Application";
				CODE_SIGN_STYLE = Manual;
				COMBINE_HIDPI_IMAGES = YES;
				CURRENT_PROJECT_VERSION = 1;
				DEVELOPMENT_ASSET_PATHS = "\"CertificateInstaller/Preview Content\"";
				DEVELOPMENT_TEAM = "";
				"DEVELOPMENT_TEAM[sdk=macosx*]" = GVWQ5S4D83;
				ENABLE_HARDENED_RUNTIME = YES;
				ENABLE_PREVIEWS = YES;
				GENERATE_INFOPLIST_FILE = YES;
				INFOPLIST_KEY_LSApplicationCategoryType = "public.app-category.utilities";
				INFOPLIST_KEY_NSHumanReadableCopyright = "";
				LD_RUNPATH_SEARCH_PATHS = (
					"$(inherited)",
					"@executable_path/../Frameworks",
				);
				MARKETING_VERSION = 1.0;
				PRODUCT_BUNDLE_IDENTIFIER = com.monitorapp.CertificateInstaller;
				PRODUCT_NAME = "$(TARGET_NAME)";
				PROVISIONING_PROFILE_SPECIFIER = "";
				SWIFT_EMIT_LOC_STRINGS = YES;
				SWIFT_VERSION = 5.0;
			};
			name = Debug;
		};
		DBDB5B032B706012001B6392 /* Release */ = {
			isa = XCBuildConfiguration;
			buildSettings = {
				ASSETCATALOG_COMPILER_APPICON_NAME = AppIcon;
				ASSETCATALOG_COMPILER_GLOBAL_ACCENT_COLOR_NAME = AccentColor;
				CODE_SIGN_ENTITLEMENTS = CertificateInstaller/CertificateInstaller.entitlements;
				"CODE_SIGN_IDENTITY[sdk=macosx*]" = "Developer ID Application";
				CODE_SIGN_STYLE = Manual;
				COMBINE_HIDPI_IMAGES = YES;
				CURRENT_PROJECT_VERSION = 1;
				DEVELOPMENT_ASSET_PATHS = "\"CertificateInstaller/Preview Content\"";
				DEVELOPMENT_TEAM = "";
				"DEVELOPMENT_TEAM[sdk=macosx*]" = GVWQ5S4D83;
				ENABLE_HARDENED_RUNTIME = YES;
				ENABLE_PREVIEWS = YES;
				GENERATE_INFOPLIST_FILE = YES;
				INFOPLIST_KEY_LSApplicationCategoryType = "public.app-category.utilities";
				INFOPLIST_KEY_NSHumanReadableCopyright = "";
				LD_RUNPATH_SEARCH_PATHS = (
					"$(inherited)",
					"@executable_path/../Frameworks",
				);
				MARKETING_VERSION = 1.0;
				PRODUCT_BUNDLE_IDENTIFIER = com.monitorapp.CertificateInstaller;
				PRODUCT_NAME = "$(TARGET_NAME)";
				PROVISIONING_PROFILE_SPECIFIER = "";
				SWIFT_EMIT_LOC_STRINGS = YES;
				SWIFT_VERSION = 5.0;
			};
			name = Release;
		};
/* End XCBuildConfiguration section */

/* Begin XCConfigurationList section */
		DBDB5AED2B706011001B6392 /* Build configuration list for PBXProject "CertificateInstaller" */ = {
			isa = XCConfigurationList;
			buildConfigurations = (
				DBDB5AFF2B706012001B6392 /* Debug */,
				DBDB5B002B706012001B6392 /* Release */,
			);
			defaultConfigurationIsVisible = 0;
			defaultConfigurationName = Release;
		};
		DBDB5B012B706012001B6392 /* Build configuration list for PBXNativeTarget "CertificateInstaller" */ = {
			isa = XCConfigurationList;
			buildConfigurations = (
				DBDB5B022B706012001B6392 /* Debug */,
				DBDB5B032B706012001B6392 /* Release */,
			);
			defaultConfigurationIsVisible = 0;
			defaultConfigurationName = Release;
		};
/* End XCConfigurationList section */
	};
	rootObject = DBDB5AEA2B706011001B6392 /* Project object */;
}
